// !$*UTF8*$!
{
	archiveVersion = 1;
	classes = {
	};
	objectVersion = 48;
	objects = {

/* Begin PBXBuildFile section */
		2E4B4EF61FB643D600D8FBFD /* AppDelegate.swift in Sources */ = {isa = PBXBuildFile; fileRef = 2E4B4EF51FB643D600D8FBFD /* AppDelegate.swift */; };
		2E4B4EF81FB643D600D8FBFD /* ViewController.swift in Sources */ = {isa = PBXBuildFile; fileRef = 2E4B4EF71FB643D600D8FBFD /* ViewController.swift */; };
		2E4B4EFB1FB643D600D8FBFD /* Main.storyboard in Resources */ = {isa = PBXBuildFile; fileRef = 2E4B4EF91FB643D600D8FBFD /* Main.storyboard */; };
		2E4B4EFD1FB643D600D8FBFD /* Assets.xcassets in Resources */ = {isa = PBXBuildFile; fileRef = 2E4B4EFC1FB643D600D8FBFD /* Assets.xcassets */; };
		2E4B4F001FB643D600D8FBFD /* LaunchScreen.storyboard in Resources */ = {isa = PBXBuildFile; fileRef = 2E4B4EFE1FB643D600D8FBFD /* LaunchScreen.storyboard */; };
		2E4B4F0B1FB643D600D8FBFD /* StackTests.swift in Sources */ = {isa = PBXBuildFile; fileRef = 2E4B4F0A1FB643D600D8FBFD /* StackTests.swift */; };
		2E4B4F161FB643D600D8FBFD /* StackUITests.swift in Sources */ = {isa = PBXBuildFile; fileRef = 2E4B4F151FB643D600D8FBFD /* StackUITests.swift */; };
		2EBD67B41FD1E0530065B619 /* TableViewCell.swift in Sources */ = {isa = PBXBuildFile; fileRef = 2EBD67B31FD1E0530065B619 /* TableViewCell.swift */; };
		2ECA3B251FC0D30F004EBB85 /* AddTaskViewController.swift in Sources */ = {isa = PBXBuildFile; fileRef = 2ECA3B241FC0D30F004EBB85 /* AddTaskViewController.swift */; };
		2ECA3B271FC0D343004EBB85 /* Task.swift in Sources */ = {isa = PBXBuildFile; fileRef = 2ECA3B261FC0D343004EBB85 /* Task.swift */; };
		4CB7F96A119778193EA2BEAC /* Pods_Stack.framework in Frameworks */ = {isa = PBXBuildFile; fileRef = 0B7E0ADB335C1F6BD7971AE5 /* Pods_Stack.framework */; };
		6FE5135B2834EA0017E0E582 /* Pods_Stack_Widget.framework in Frameworks */ = {isa = PBXBuildFile; fileRef = C7D66541721E3F040A9E92FD /* Pods_Stack_Widget.framework */; };
		AE2B89917830CA3DD572382F /* Pods_StackTests.framework in Frameworks */ = {isa = PBXBuildFile; fileRef = A1682EC5F6F41643BACD6986 /* Pods_StackTests.framework */; };
		AE588973969240E36767E269 /* Pods_StackUITests.framework in Frameworks */ = {isa = PBXBuildFile; fileRef = 19B84A6FD0DEC04DC30E21E6 /* Pods_StackUITests.framework */; };
		FD5BB6C11FC1FCA4007FE558 /* EditTaskViewController.swift in Sources */ = {isa = PBXBuildFile; fileRef = FD5BB6C01FC1FCA4007FE558 /* EditTaskViewController.swift */; };
		FDA066FA1FC7BE6700D6D5A8 /* GoogleService-Info.plist in Resources */ = {isa = PBXBuildFile; fileRef = FDA066F91FC7BE6600D6D5A8 /* GoogleService-Info.plist */; };
		FDACEF961FC352FE00C50BDF /* SettingViewController.swift in Sources */ = {isa = PBXBuildFile; fileRef = FDACEF951FC352FE00C50BDF /* SettingViewController.swift */; };
		FDB58E9A1FC3D905003021F2 /* NotificationCenter.framework in Frameworks */ = {isa = PBXBuildFile; fileRef = FDB58E991FC3D905003021F2 /* NotificationCenter.framework */; };
		FDB58E9D1FC3D905003021F2 /* TodayViewController.swift in Sources */ = {isa = PBXBuildFile; fileRef = FDB58E9C1FC3D905003021F2 /* TodayViewController.swift */; };
		FDB58EA01FC3D905003021F2 /* MainInterface.storyboard in Resources */ = {isa = PBXBuildFile; fileRef = FDB58E9E1FC3D905003021F2 /* MainInterface.storyboard */; };
		FDB58EA41FC3D905003021F2 /* Stack Widget.appex in Embed App Extensions */ = {isa = PBXBuildFile; fileRef = FDB58E971FC3D905003021F2 /* Stack Widget.appex */; settings = {ATTRIBUTES = (RemoveHeadersOnCopy, ); }; };
		FDB8B1F71FC66FB9001F8BAE /* AddListViewController.swift in Sources */ = {isa = PBXBuildFile; fileRef = FDB8B1F61FC66FB9001F8BAE /* AddListViewController.swift */; };
		FDB8B1F91FC67A11001F8BAE /* ResetSettingsViewController.swift in Sources */ = {isa = PBXBuildFile; fileRef = FDB8B1F81FC67A11001F8BAE /* ResetSettingsViewController.swift */; };
		FDB8B1FB1FC67EE6001F8BAE /* ResetTasksViewController.swift in Sources */ = {isa = PBXBuildFile; fileRef = FDB8B1FA1FC67EE6001F8BAE /* ResetTasksViewController.swift */; };
/* End PBXBuildFile section */

/* Begin PBXContainerItemProxy section */
		2E4B4F071FB643D600D8FBFD /* PBXContainerItemProxy */ = {
			isa = PBXContainerItemProxy;
			containerPortal = 2E4B4EEA1FB643D500D8FBFD /* Project object */;
			proxyType = 1;
			remoteGlobalIDString = 2E4B4EF11FB643D500D8FBFD;
			remoteInfo = Stack;
		};
		2E4B4F121FB643D600D8FBFD /* PBXContainerItemProxy */ = {
			isa = PBXContainerItemProxy;
			containerPortal = 2E4B4EEA1FB643D500D8FBFD /* Project object */;
			proxyType = 1;
			remoteGlobalIDString = 2E4B4EF11FB643D500D8FBFD;
			remoteInfo = Stack;
		};
		FDB58EA21FC3D905003021F2 /* PBXContainerItemProxy */ = {
			isa = PBXContainerItemProxy;
			containerPortal = 2E4B4EEA1FB643D500D8FBFD /* Project object */;
			proxyType = 1;
			remoteGlobalIDString = FDB58E961FC3D905003021F2;
			remoteInfo = "Stack Widget";
		};
/* End PBXContainerItemProxy section */

/* Begin PBXCopyFilesBuildPhase section */
		FDB58EA81FC3D905003021F2 /* Embed App Extensions */ = {
			isa = PBXCopyFilesBuildPhase;
			buildActionMask = 2147483647;
			dstPath = "";
			dstSubfolderSpec = 13;
			files = (
				FDB58EA41FC3D905003021F2 /* Stack Widget.appex in Embed App Extensions */,
			);
			name = "Embed App Extensions";
			runOnlyForDeploymentPostprocessing = 0;
		};
/* End PBXCopyFilesBuildPhase section */

/* Begin PBXFileReference section */
		0B7E0ADB335C1F6BD7971AE5 /* Pods_Stack.framework */ = {isa = PBXFileReference; explicitFileType = wrapper.framework; includeInIndex = 0; path = Pods_Stack.framework; sourceTree = BUILT_PRODUCTS_DIR; };
		19B84A6FD0DEC04DC30E21E6 /* Pods_StackUITests.framework */ = {isa = PBXFileReference; explicitFileType = wrapper.framework; includeInIndex = 0; path = Pods_StackUITests.framework; sourceTree = BUILT_PRODUCTS_DIR; };
		2E4B4EF21FB643D500D8FBFD /* Stack.app */ = {isa = PBXFileReference; explicitFileType = wrapper.application; includeInIndex = 0; path = Stack.app; sourceTree = BUILT_PRODUCTS_DIR; };
		2E4B4EF51FB643D600D8FBFD /* AppDelegate.swift */ = {isa = PBXFileReference; lastKnownFileType = sourcecode.swift; path = AppDelegate.swift; sourceTree = "<group>"; };
		2E4B4EF71FB643D600D8FBFD /* ViewController.swift */ = {isa = PBXFileReference; lastKnownFileType = sourcecode.swift; path = ViewController.swift; sourceTree = "<group>"; };
		2E4B4EFA1FB643D600D8FBFD /* Base */ = {isa = PBXFileReference; lastKnownFileType = file.storyboard; name = Base; path = Base.lproj/Main.storyboard; sourceTree = "<group>"; };
		2E4B4EFC1FB643D600D8FBFD /* Assets.xcassets */ = {isa = PBXFileReference; lastKnownFileType = folder.assetcatalog; path = Assets.xcassets; sourceTree = "<group>"; };
		2E4B4EFF1FB643D600D8FBFD /* Base */ = {isa = PBXFileReference; lastKnownFileType = file.storyboard; name = Base; path = Base.lproj/LaunchScreen.storyboard; sourceTree = "<group>"; };
		2E4B4F011FB643D600D8FBFD /* Info.plist */ = {isa = PBXFileReference; lastKnownFileType = text.plist.xml; path = Info.plist; sourceTree = "<group>"; };
		2E4B4F061FB643D600D8FBFD /* StackTests.xctest */ = {isa = PBXFileReference; explicitFileType = wrapper.cfbundle; includeInIndex = 0; path = StackTests.xctest; sourceTree = BUILT_PRODUCTS_DIR; };
		2E4B4F0A1FB643D600D8FBFD /* StackTests.swift */ = {isa = PBXFileReference; lastKnownFileType = sourcecode.swift; path = StackTests.swift; sourceTree = "<group>"; };
		2E4B4F0C1FB643D600D8FBFD /* Info.plist */ = {isa = PBXFileReference; lastKnownFileType = text.plist.xml; path = Info.plist; sourceTree = "<group>"; };
		2E4B4F111FB643D600D8FBFD /* StackUITests.xctest */ = {isa = PBXFileReference; explicitFileType = wrapper.cfbundle; includeInIndex = 0; path = StackUITests.xctest; sourceTree = BUILT_PRODUCTS_DIR; };
		2E4B4F151FB643D600D8FBFD /* StackUITests.swift */ = {isa = PBXFileReference; lastKnownFileType = sourcecode.swift; path = StackUITests.swift; sourceTree = "<group>"; };
		2E4B4F171FB643D600D8FBFD /* Info.plist */ = {isa = PBXFileReference; lastKnownFileType = text.plist.xml; path = Info.plist; sourceTree = "<group>"; };
		2EBD67B31FD1E0530065B619 /* TableViewCell.swift */ = {isa = PBXFileReference; lastKnownFileType = sourcecode.swift; path = TableViewCell.swift; sourceTree = "<group>"; };
		2ECA3B241FC0D30F004EBB85 /* AddTaskViewController.swift */ = {isa = PBXFileReference; lastKnownFileType = sourcecode.swift; path = AddTaskViewController.swift; sourceTree = "<group>"; };
		2ECA3B261FC0D343004EBB85 /* Task.swift */ = {isa = PBXFileReference; lastKnownFileType = sourcecode.swift; path = Task.swift; sourceTree = "<group>"; };
		4652E4E9406B5B0BB095A223 /* Pods-Stack.debug.xcconfig */ = {isa = PBXFileReference; includeInIndex = 1; lastKnownFileType = text.xcconfig; name = "Pods-Stack.debug.xcconfig"; path = "Pods/Target Support Files/Pods-Stack/Pods-Stack.debug.xcconfig"; sourceTree = "<group>"; };
		54C7C8D5801C9583E0380D05 /* Pods-Stack Widget.release.xcconfig */ = {isa = PBXFileReference; includeInIndex = 1; lastKnownFileType = text.xcconfig; name = "Pods-Stack Widget.release.xcconfig"; path = "Pods/Target Support Files/Pods-Stack Widget/Pods-Stack Widget.release.xcconfig"; sourceTree = "<group>"; };
		7711B3F5FCD4EAD719FFE82B /* Pods-Stack.release.xcconfig */ = {isa = PBXFileReference; includeInIndex = 1; lastKnownFileType = text.xcconfig; name = "Pods-Stack.release.xcconfig"; path = "Pods/Target Support Files/Pods-Stack/Pods-Stack.release.xcconfig"; sourceTree = "<group>"; };
		87373020637F7AB2B358E047 /* Pods-StackTests.release.xcconfig */ = {isa = PBXFileReference; includeInIndex = 1; lastKnownFileType = text.xcconfig; name = "Pods-StackTests.release.xcconfig"; path = "Pods/Target Support Files/Pods-StackTests/Pods-StackTests.release.xcconfig"; sourceTree = "<group>"; };
		9466D2EB7A457E98AC606AC1 /* Pods-StackTests.debug.xcconfig */ = {isa = PBXFileReference; includeInIndex = 1; lastKnownFileType = text.xcconfig; name = "Pods-StackTests.debug.xcconfig"; path = "Pods/Target Support Files/Pods-StackTests/Pods-StackTests.debug.xcconfig"; sourceTree = "<group>"; };
		A1682EC5F6F41643BACD6986 /* Pods_StackTests.framework */ = {isa = PBXFileReference; explicitFileType = wrapper.framework; includeInIndex = 0; path = Pods_StackTests.framework; sourceTree = BUILT_PRODUCTS_DIR; };
		A913FF5E8AD4A5EC1BA7B840 /* Pods-StackUITests.debug.xcconfig */ = {isa = PBXFileReference; includeInIndex = 1; lastKnownFileType = text.xcconfig; name = "Pods-StackUITests.debug.xcconfig"; path = "Pods/Target Support Files/Pods-StackUITests/Pods-StackUITests.debug.xcconfig"; sourceTree = "<group>"; };
		C7D66541721E3F040A9E92FD /* Pods_Stack_Widget.framework */ = {isa = PBXFileReference; explicitFileType = wrapper.framework; includeInIndex = 0; path = Pods_Stack_Widget.framework; sourceTree = BUILT_PRODUCTS_DIR; };
		D3BDEBDA5A6D9E97CE53A10A /* Pods-Stack Widget.debug.xcconfig */ = {isa = PBXFileReference; includeInIndex = 1; lastKnownFileType = text.xcconfig; name = "Pods-Stack Widget.debug.xcconfig"; path = "Pods/Target Support Files/Pods-Stack Widget/Pods-Stack Widget.debug.xcconfig"; sourceTree = "<group>"; };
		DA5FC59534CEF52E99B37BDE /* Pods-StackUITests.release.xcconfig */ = {isa = PBXFileReference; includeInIndex = 1; lastKnownFileType = text.xcconfig; name = "Pods-StackUITests.release.xcconfig"; path = "Pods/Target Support Files/Pods-StackUITests/Pods-StackUITests.release.xcconfig"; sourceTree = "<group>"; };
		FD5BB6C01FC1FCA4007FE558 /* EditTaskViewController.swift */ = {isa = PBXFileReference; lastKnownFileType = sourcecode.swift; path = EditTaskViewController.swift; sourceTree = "<group>"; };
		FDA066F91FC7BE6600D6D5A8 /* GoogleService-Info.plist */ = {isa = PBXFileReference; fileEncoding = 4; lastKnownFileType = text.plist.xml; path = "GoogleService-Info.plist"; sourceTree = "<group>"; };
		FDACEF951FC352FE00C50BDF /* SettingViewController.swift */ = {isa = PBXFileReference; lastKnownFileType = sourcecode.swift; path = SettingViewController.swift; sourceTree = "<group>"; };
		FDB58E971FC3D905003021F2 /* Stack Widget.appex */ = {isa = PBXFileReference; explicitFileType = "wrapper.app-extension"; includeInIndex = 0; path = "Stack Widget.appex"; sourceTree = BUILT_PRODUCTS_DIR; };
		FDB58E991FC3D905003021F2 /* NotificationCenter.framework */ = {isa = PBXFileReference; lastKnownFileType = wrapper.framework; name = NotificationCenter.framework; path = System/Library/Frameworks/NotificationCenter.framework; sourceTree = SDKROOT; };
		FDB58E9C1FC3D905003021F2 /* TodayViewController.swift */ = {isa = PBXFileReference; lastKnownFileType = sourcecode.swift; path = TodayViewController.swift; sourceTree = "<group>"; };
		FDB58E9F1FC3D905003021F2 /* Base */ = {isa = PBXFileReference; lastKnownFileType = file.storyboard; name = Base; path = Base.lproj/MainInterface.storyboard; sourceTree = "<group>"; };
		FDB58EA11FC3D905003021F2 /* Info.plist */ = {isa = PBXFileReference; lastKnownFileType = text.plist.xml; path = Info.plist; sourceTree = "<group>"; };
		FDB8B1F61FC66FB9001F8BAE /* AddListViewController.swift */ = {isa = PBXFileReference; lastKnownFileType = sourcecode.swift; path = AddListViewController.swift; sourceTree = "<group>"; };
		FDB8B1F81FC67A11001F8BAE /* ResetSettingsViewController.swift */ = {isa = PBXFileReference; lastKnownFileType = sourcecode.swift; path = ResetSettingsViewController.swift; sourceTree = "<group>"; };
		FDB8B1FA1FC67EE6001F8BAE /* ResetTasksViewController.swift */ = {isa = PBXFileReference; lastKnownFileType = sourcecode.swift; path = ResetTasksViewController.swift; sourceTree = "<group>"; };
/* End PBXFileReference section */

/* Begin PBXFrameworksBuildPhase section */
		2E4B4EEF1FB643D500D8FBFD /* Frameworks */ = {
			isa = PBXFrameworksBuildPhase;
			buildActionMask = 2147483647;
			files = (
				4CB7F96A119778193EA2BEAC /* Pods_Stack.framework in Frameworks */,
			);
			runOnlyForDeploymentPostprocessing = 0;
		};
		2E4B4F031FB643D600D8FBFD /* Frameworks */ = {
			isa = PBXFrameworksBuildPhase;
			buildActionMask = 2147483647;
			files = (
				AE2B89917830CA3DD572382F /* Pods_StackTests.framework in Frameworks */,
			);
			runOnlyForDeploymentPostprocessing = 0;
		};
		2E4B4F0E1FB643D600D8FBFD /* Frameworks */ = {
			isa = PBXFrameworksBuildPhase;
			buildActionMask = 2147483647;
			files = (
				AE588973969240E36767E269 /* Pods_StackUITests.framework in Frameworks */,
			);
			runOnlyForDeploymentPostprocessing = 0;
		};
		FDB58E941FC3D905003021F2 /* Frameworks */ = {
			isa = PBXFrameworksBuildPhase;
			buildActionMask = 2147483647;
			files = (
				FDB58E9A1FC3D905003021F2 /* NotificationCenter.framework in Frameworks */,
				6FE5135B2834EA0017E0E582 /* Pods_Stack_Widget.framework in Frameworks */,
			);
			runOnlyForDeploymentPostprocessing = 0;
		};
/* End PBXFrameworksBuildPhase section */

/* Begin PBXGroup section */
		2E4B4EE91FB643D500D8FBFD = {
			isa = PBXGroup;
			children = (
				2E4B4EF41FB643D600D8FBFD /* Stack */,
				2E4B4F091FB643D600D8FBFD /* StackTests */,
				2E4B4F141FB643D600D8FBFD /* StackUITests */,
				FDB58E9B1FC3D905003021F2 /* Stack Widget */,
				FDB58E981FC3D905003021F2 /* Frameworks */,
				2E4B4EF31FB643D600D8FBFD /* Products */,
				BFDA370DBA2B11E8EC9E9EF1 /* Pods */,
			);
			sourceTree = "<group>";
		};
		2E4B4EF31FB643D600D8FBFD /* Products */ = {
			isa = PBXGroup;
			children = (
				2E4B4EF21FB643D500D8FBFD /* Stack.app */,
				2E4B4F061FB643D600D8FBFD /* StackTests.xctest */,
				2E4B4F111FB643D600D8FBFD /* StackUITests.xctest */,
				FDB58E971FC3D905003021F2 /* Stack Widget.appex */,
			);
			name = Products;
			sourceTree = "<group>";
		};
		2E4B4EF41FB643D600D8FBFD /* Stack */ = {
			isa = PBXGroup;
			children = (
				2E4B4EF51FB643D600D8FBFD /* AppDelegate.swift */,
				2E4B4EF71FB643D600D8FBFD /* ViewController.swift */,
				2E4B4EF91FB643D600D8FBFD /* Main.storyboard */,
				2E4B4EFC1FB643D600D8FBFD /* Assets.xcassets */,
				2E4B4EFE1FB643D600D8FBFD /* LaunchScreen.storyboard */,
				2E4B4F011FB643D600D8FBFD /* Info.plist */,
				2ECA3B241FC0D30F004EBB85 /* AddTaskViewController.swift */,
				FD5BB6C01FC1FCA4007FE558 /* EditTaskViewController.swift */,
				FDACEF951FC352FE00C50BDF /* SettingViewController.swift */,
				FDB8B1F61FC66FB9001F8BAE /* AddListViewController.swift */,
				FDB8B1F81FC67A11001F8BAE /* ResetSettingsViewController.swift */,
				FDB8B1FA1FC67EE6001F8BAE /* ResetTasksViewController.swift */,
				2ECA3B261FC0D343004EBB85 /* Task.swift */,
				FDA066F91FC7BE6600D6D5A8 /* GoogleService-Info.plist */,
				2EBD67B31FD1E0530065B619 /* TableViewCell.swift */,
			);
			path = Stack;
			sourceTree = "<group>";
		};
		2E4B4F091FB643D600D8FBFD /* StackTests */ = {
			isa = PBXGroup;
			children = (
				2E4B4F0A1FB643D600D8FBFD /* StackTests.swift */,
				2E4B4F0C1FB643D600D8FBFD /* Info.plist */,
			);
			path = StackTests;
			sourceTree = "<group>";
		};
		2E4B4F141FB643D600D8FBFD /* StackUITests */ = {
			isa = PBXGroup;
			children = (
				2E4B4F151FB643D600D8FBFD /* StackUITests.swift */,
				2E4B4F171FB643D600D8FBFD /* Info.plist */,
			);
			path = StackUITests;
			sourceTree = "<group>";
		};
		BFDA370DBA2B11E8EC9E9EF1 /* Pods */ = {
			isa = PBXGroup;
			children = (
				4652E4E9406B5B0BB095A223 /* Pods-Stack.debug.xcconfig */,
				7711B3F5FCD4EAD719FFE82B /* Pods-Stack.release.xcconfig */,
				D3BDEBDA5A6D9E97CE53A10A /* Pods-Stack Widget.debug.xcconfig */,
				54C7C8D5801C9583E0380D05 /* Pods-Stack Widget.release.xcconfig */,
				9466D2EB7A457E98AC606AC1 /* Pods-StackTests.debug.xcconfig */,
				87373020637F7AB2B358E047 /* Pods-StackTests.release.xcconfig */,
				A913FF5E8AD4A5EC1BA7B840 /* Pods-StackUITests.debug.xcconfig */,
				DA5FC59534CEF52E99B37BDE /* Pods-StackUITests.release.xcconfig */,
			);
			name = Pods;
			sourceTree = "<group>";
		};
		FDB58E981FC3D905003021F2 /* Frameworks */ = {
			isa = PBXGroup;
			children = (
				FDB58E991FC3D905003021F2 /* NotificationCenter.framework */,
				0B7E0ADB335C1F6BD7971AE5 /* Pods_Stack.framework */,
				C7D66541721E3F040A9E92FD /* Pods_Stack_Widget.framework */,
				A1682EC5F6F41643BACD6986 /* Pods_StackTests.framework */,
				19B84A6FD0DEC04DC30E21E6 /* Pods_StackUITests.framework */,
			);
			name = Frameworks;
			sourceTree = "<group>";
		};
		FDB58E9B1FC3D905003021F2 /* Stack Widget */ = {
			isa = PBXGroup;
			children = (
				FDB58E9C1FC3D905003021F2 /* TodayViewController.swift */,
				FDB58E9E1FC3D905003021F2 /* MainInterface.storyboard */,
				FDB58EA11FC3D905003021F2 /* Info.plist */,
			);
			path = "Stack Widget";
			sourceTree = "<group>";
		};
/* End PBXGroup section */

/* Begin PBXNativeTarget section */
		2E4B4EF11FB643D500D8FBFD /* Stack */ = {
			isa = PBXNativeTarget;
			buildConfigurationList = 2E4B4F1A1FB643D600D8FBFD /* Build configuration list for PBXNativeTarget "Stack" */;
			buildPhases = (
				D6C05322A66477908A43D95C /* [CP] Check Pods Manifest.lock */,
				2E4B4EEE1FB643D500D8FBFD /* Sources */,
				2E4B4EEF1FB643D500D8FBFD /* Frameworks */,
				2E4B4EF01FB643D500D8FBFD /* Resources */,
				FDB58EA81FC3D905003021F2 /* Embed App Extensions */,
				14413F38277C5E608652DB11 /* [CP] Embed Pods Frameworks */,
				18540DC60E691260781011E5 /* [CP] Copy Pods Resources */,
			);
			buildRules = (
			);
			dependencies = (
				FDB58EA31FC3D905003021F2 /* PBXTargetDependency */,
			);
			name = Stack;
			productName = Stack;
			productReference = 2E4B4EF21FB643D500D8FBFD /* Stack.app */;
			productType = "com.apple.product-type.application";
		};
		2E4B4F051FB643D600D8FBFD /* StackTests */ = {
			isa = PBXNativeTarget;
			buildConfigurationList = 2E4B4F1D1FB643D600D8FBFD /* Build configuration list for PBXNativeTarget "StackTests" */;
			buildPhases = (
				1B3F3636E79C14D635E470A7 /* [CP] Check Pods Manifest.lock */,
				2E4B4F021FB643D600D8FBFD /* Sources */,
				2E4B4F031FB643D600D8FBFD /* Frameworks */,
				2E4B4F041FB643D600D8FBFD /* Resources */,
				480EBE6EC1BE2B827D1DD2FE /* [CP] Embed Pods Frameworks */,
				38446BD2BDCFBA475A1B89EE /* [CP] Copy Pods Resources */,
			);
			buildRules = (
			);
			dependencies = (
				2E4B4F081FB643D600D8FBFD /* PBXTargetDependency */,
			);
			name = StackTests;
			productName = StackTests;
			productReference = 2E4B4F061FB643D600D8FBFD /* StackTests.xctest */;
			productType = "com.apple.product-type.bundle.unit-test";
		};
		2E4B4F101FB643D600D8FBFD /* StackUITests */ = {
			isa = PBXNativeTarget;
			buildConfigurationList = 2E4B4F201FB643D600D8FBFD /* Build configuration list for PBXNativeTarget "StackUITests" */;
			buildPhases = (
				4D88C8114043E80BAE2939BF /* [CP] Check Pods Manifest.lock */,
				2E4B4F0D1FB643D600D8FBFD /* Sources */,
				2E4B4F0E1FB643D600D8FBFD /* Frameworks */,
				2E4B4F0F1FB643D600D8FBFD /* Resources */,
				2C91B1DBD5A5CD5DD0274BDA /* [CP] Embed Pods Frameworks */,
				B791AFFF3F033535FD443758 /* [CP] Copy Pods Resources */,
			);
			buildRules = (
			);
			dependencies = (
				2E4B4F131FB643D600D8FBFD /* PBXTargetDependency */,
			);
			name = StackUITests;
			productName = StackUITests;
			productReference = 2E4B4F111FB643D600D8FBFD /* StackUITests.xctest */;
			productType = "com.apple.product-type.bundle.ui-testing";
		};
		FDB58E961FC3D905003021F2 /* Stack Widget */ = {
			isa = PBXNativeTarget;
			buildConfigurationList = FDB58EA71FC3D905003021F2 /* Build configuration list for PBXNativeTarget "Stack Widget" */;
			buildPhases = (
				2C57286798A28702B51A17E3 /* [CP] Check Pods Manifest.lock */,
				FDB58E931FC3D905003021F2 /* Sources */,
				FDB58E941FC3D905003021F2 /* Frameworks */,
				FDB58E951FC3D905003021F2 /* Resources */,
				9FBD4BE1B9AE7D5E321CFB47 /* [CP] Copy Pods Resources */,
			);
			buildRules = (
			);
			dependencies = (
			);
			name = "Stack Widget";
			productName = "Stack Widget";
			productReference = FDB58E971FC3D905003021F2 /* Stack Widget.appex */;
			productType = "com.apple.product-type.app-extension";
		};
/* End PBXNativeTarget section */

/* Begin PBXProject section */
		2E4B4EEA1FB643D500D8FBFD /* Project object */ = {
			isa = PBXProject;
			attributes = {
				LastSwiftUpdateCheck = 0910;
				LastUpgradeCheck = 0910;
				ORGANIZATIONNAME = "David Lee-Tolley";
				TargetAttributes = {
					2E4B4EF11FB643D500D8FBFD = {
						CreatedOnToolsVersion = 9.1;
						ProvisioningStyle = Automatic;
					};
					2E4B4F051FB643D600D8FBFD = {
						CreatedOnToolsVersion = 9.1;
						ProvisioningStyle = Automatic;
						TestTargetID = 2E4B4EF11FB643D500D8FBFD;
					};
					2E4B4F101FB643D600D8FBFD = {
						CreatedOnToolsVersion = 9.1;
						ProvisioningStyle = Automatic;
						TestTargetID = 2E4B4EF11FB643D500D8FBFD;
					};
					FDB58E961FC3D905003021F2 = {
						CreatedOnToolsVersion = 9.1;
						ProvisioningStyle = Automatic;
					};
				};
			};
			buildConfigurationList = 2E4B4EED1FB643D500D8FBFD /* Build configuration list for PBXProject "Stack" */;
			compatibilityVersion = "Xcode 8.0";
			developmentRegion = en;
			hasScannedForEncodings = 0;
			knownRegions = (
				en,
				Base,
			);
			mainGroup = 2E4B4EE91FB643D500D8FBFD;
			productRefGroup = 2E4B4EF31FB643D600D8FBFD /* Products */;
			projectDirPath = "";
			projectRoot = "";
			targets = (
				2E4B4EF11FB643D500D8FBFD /* Stack */,
				2E4B4F051FB643D600D8FBFD /* StackTests */,
				2E4B4F101FB643D600D8FBFD /* StackUITests */,
				FDB58E961FC3D905003021F2 /* Stack Widget */,
			);
		};
/* End PBXProject section */

/* Begin PBXResourcesBuildPhase section */
		2E4B4EF01FB643D500D8FBFD /* Resources */ = {
			isa = PBXResourcesBuildPhase;
			buildActionMask = 2147483647;
			files = (
				2E4B4F001FB643D600D8FBFD /* LaunchScreen.storyboard in Resources */,
				FDA066FA1FC7BE6700D6D5A8 /* GoogleService-Info.plist in Resources */,
				2E4B4EFD1FB643D600D8FBFD /* Assets.xcassets in Resources */,
				2E4B4EFB1FB643D600D8FBFD /* Main.storyboard in Resources */,
			);
			runOnlyForDeploymentPostprocessing = 0;
		};
		2E4B4F041FB643D600D8FBFD /* Resources */ = {
			isa = PBXResourcesBuildPhase;
			buildActionMask = 2147483647;
			files = (
			);
			runOnlyForDeploymentPostprocessing = 0;
		};
		2E4B4F0F1FB643D600D8FBFD /* Resources */ = {
			isa = PBXResourcesBuildPhase;
			buildActionMask = 2147483647;
			files = (
			);
			runOnlyForDeploymentPostprocessing = 0;
		};
		FDB58E951FC3D905003021F2 /* Resources */ = {
			isa = PBXResourcesBuildPhase;
			buildActionMask = 2147483647;
			files = (
				FDB58EA01FC3D905003021F2 /* MainInterface.storyboard in Resources */,
			);
			runOnlyForDeploymentPostprocessing = 0;
		};
/* End PBXResourcesBuildPhase section */

/* Begin PBXShellScriptBuildPhase section */
		14413F38277C5E608652DB11 /* [CP] Embed Pods Frameworks */ = {
			isa = PBXShellScriptBuildPhase;
			buildActionMask = 2147483647;
			files = (
			);
			inputPaths = (
				"${SRCROOT}/Pods/Target Support Files/Pods-Stack/Pods-Stack-frameworks.sh",
				"${BUILT_PRODUCTS_DIR}/GoogleToolboxForMac/GoogleToolboxForMac.framework",
				"${BUILT_PRODUCTS_DIR}/leveldb-library/leveldb.framework",
				"${BUILT_PRODUCTS_DIR}/nanopb/nanopb.framework",
			);
			name = "[CP] Embed Pods Frameworks";
			outputPaths = (
				"${TARGET_BUILD_DIR}/${FRAMEWORKS_FOLDER_PATH}/GoogleToolboxForMac.framework",
				"${TARGET_BUILD_DIR}/${FRAMEWORKS_FOLDER_PATH}/leveldb.framework",
				"${TARGET_BUILD_DIR}/${FRAMEWORKS_FOLDER_PATH}/nanopb.framework",
			);
			runOnlyForDeploymentPostprocessing = 0;
			shellPath = /bin/sh;
			shellScript = "\"${SRCROOT}/Pods/Target Support Files/Pods-Stack/Pods-Stack-frameworks.sh\"\n";
			showEnvVarsInLog = 0;
		};
		18540DC60E691260781011E5 /* [CP] Copy Pods Resources */ = {
			isa = PBXShellScriptBuildPhase;
			buildActionMask = 2147483647;
			files = (
			);
			inputPaths = (
			);
			name = "[CP] Copy Pods Resources";
			outputPaths = (
			);
			runOnlyForDeploymentPostprocessing = 0;
			shellPath = /bin/sh;
			shellScript = "\"${SRCROOT}/Pods/Target Support Files/Pods-Stack/Pods-Stack-resources.sh\"\n";
			showEnvVarsInLog = 0;
		};
		1B3F3636E79C14D635E470A7 /* [CP] Check Pods Manifest.lock */ = {
			isa = PBXShellScriptBuildPhase;
			buildActionMask = 2147483647;
			files = (
			);
			inputPaths = (
				"${PODS_PODFILE_DIR_PATH}/Podfile.lock",
				"${PODS_ROOT}/Manifest.lock",
			);
			name = "[CP] Check Pods Manifest.lock";
			outputPaths = (
				"$(DERIVED_FILE_DIR)/Pods-StackTests-checkManifestLockResult.txt",
			);
			runOnlyForDeploymentPostprocessing = 0;
			shellPath = /bin/sh;
			shellScript = "diff \"${PODS_PODFILE_DIR_PATH}/Podfile.lock\" \"${PODS_ROOT}/Manifest.lock\" > /dev/null\nif [ $? != 0 ] ; then\n    # print error to STDERR\n    echo \"error: The sandbox is not in sync with the Podfile.lock. Run 'pod install' or update your CocoaPods installation.\" >&2\n    exit 1\nfi\n# This output is used by Xcode 'outputs' to avoid re-running this script phase.\necho \"SUCCESS\" > \"${SCRIPT_OUTPUT_FILE_0}\"\n";
			showEnvVarsInLog = 0;
		};
		2C57286798A28702B51A17E3 /* [CP] Check Pods Manifest.lock */ = {
			isa = PBXShellScriptBuildPhase;
			buildActionMask = 2147483647;
			files = (
			);
			inputPaths = (
				"${PODS_PODFILE_DIR_PATH}/Podfile.lock",
				"${PODS_ROOT}/Manifest.lock",
			);
			name = "[CP] Check Pods Manifest.lock";
			outputPaths = (
				"$(DERIVED_FILE_DIR)/Pods-Stack Widget-checkManifestLockResult.txt",
			);
			runOnlyForDeploymentPostprocessing = 0;
			shellPath = /bin/sh;
			shellScript = "diff \"${PODS_PODFILE_DIR_PATH}/Podfile.lock\" \"${PODS_ROOT}/Manifest.lock\" > /dev/null\nif [ $? != 0 ] ; then\n    # print error to STDERR\n    echo \"error: The sandbox is not in sync with the Podfile.lock. Run 'pod install' or update your CocoaPods installation.\" >&2\n    exit 1\nfi\n# This output is used by Xcode 'outputs' to avoid re-running this script phase.\necho \"SUCCESS\" > \"${SCRIPT_OUTPUT_FILE_0}\"\n";
			showEnvVarsInLog = 0;
		};
		2C91B1DBD5A5CD5DD0274BDA /* [CP] Embed Pods Frameworks */ = {
			isa = PBXShellScriptBuildPhase;
			buildActionMask = 2147483647;
			files = (
			);
			inputPaths = (
			);
			name = "[CP] Embed Pods Frameworks";
			outputPaths = (
			);
			runOnlyForDeploymentPostprocessing = 0;
			shellPath = /bin/sh;
			shellScript = "\"${SRCROOT}/Pods/Target Support Files/Pods-StackUITests/Pods-StackUITests-frameworks.sh\"\n";
			showEnvVarsInLog = 0;
		};
		38446BD2BDCFBA475A1B89EE /* [CP] Copy Pods Resources */ = {
			isa = PBXShellScriptBuildPhase;
			buildActionMask = 2147483647;
			files = (
			);
			inputPaths = (
			);
			name = "[CP] Copy Pods Resources";
			outputPaths = (
			);
			runOnlyForDeploymentPostprocessing = 0;
			shellPath = /bin/sh;
			shellScript = "\"${SRCROOT}/Pods/Target Support Files/Pods-StackTests/Pods-StackTests-resources.sh\"\n";
			showEnvVarsInLog = 0;
		};
		480EBE6EC1BE2B827D1DD2FE /* [CP] Embed Pods Frameworks */ = {
			isa = PBXShellScriptBuildPhase;
			buildActionMask = 2147483647;
			files = (
			);
			inputPaths = (
			);
			name = "[CP] Embed Pods Frameworks";
			outputPaths = (
			);
			runOnlyForDeploymentPostprocessing = 0;
			shellPath = /bin/sh;
			shellScript = "\"${SRCROOT}/Pods/Target Support Files/Pods-StackTests/Pods-StackTests-frameworks.sh\"\n";
			showEnvVarsInLog = 0;
		};
		4D88C8114043E80BAE2939BF /* [CP] Check Pods Manifest.lock */ = {
			isa = PBXShellScriptBuildPhase;
			buildActionMask = 2147483647;
			files = (
			);
			inputPaths = (
				"${PODS_PODFILE_DIR_PATH}/Podfile.lock",
				"${PODS_ROOT}/Manifest.lock",
			);
			name = "[CP] Check Pods Manifest.lock";
			outputPaths = (
				"$(DERIVED_FILE_DIR)/Pods-StackUITests-checkManifestLockResult.txt",
			);
			runOnlyForDeploymentPostprocessing = 0;
			shellPath = /bin/sh;
			shellScript = "diff \"${PODS_PODFILE_DIR_PATH}/Podfile.lock\" \"${PODS_ROOT}/Manifest.lock\" > /dev/null\nif [ $? != 0 ] ; then\n    # print error to STDERR\n    echo \"error: The sandbox is not in sync with the Podfile.lock. Run 'pod install' or update your CocoaPods installation.\" >&2\n    exit 1\nfi\n# This output is used by Xcode 'outputs' to avoid re-running this script phase.\necho \"SUCCESS\" > \"${SCRIPT_OUTPUT_FILE_0}\"\n";
			showEnvVarsInLog = 0;
		};
		9FBD4BE1B9AE7D5E321CFB47 /* [CP] Copy Pods Resources */ = {
			isa = PBXShellScriptBuildPhase;
			buildActionMask = 2147483647;
			files = (
			);
			inputPaths = (
			);
			name = "[CP] Copy Pods Resources";
			outputPaths = (
			);
			runOnlyForDeploymentPostprocessing = 0;
			shellPath = /bin/sh;
			shellScript = "\"${SRCROOT}/Pods/Target Support Files/Pods-Stack Widget/Pods-Stack Widget-resources.sh\"\n";
			showEnvVarsInLog = 0;
		};
		B791AFFF3F033535FD443758 /* [CP] Copy Pods Resources */ = {
			isa = PBXShellScriptBuildPhase;
			buildActionMask = 2147483647;
			files = (
			);
			inputPaths = (
			);
			name = "[CP] Copy Pods Resources";
			outputPaths = (
			);
			runOnlyForDeploymentPostprocessing = 0;
			shellPath = /bin/sh;
			shellScript = "\"${SRCROOT}/Pods/Target Support Files/Pods-StackUITests/Pods-StackUITests-resources.sh\"\n";
			showEnvVarsInLog = 0;
		};
		D6C05322A66477908A43D95C /* [CP] Check Pods Manifest.lock */ = {
			isa = PBXShellScriptBuildPhase;
			buildActionMask = 2147483647;
			files = (
			);
			inputPaths = (
				"${PODS_PODFILE_DIR_PATH}/Podfile.lock",
				"${PODS_ROOT}/Manifest.lock",
			);
			name = "[CP] Check Pods Manifest.lock";
			outputPaths = (
				"$(DERIVED_FILE_DIR)/Pods-Stack-checkManifestLockResult.txt",
			);
			runOnlyForDeploymentPostprocessing = 0;
			shellPath = /bin/sh;
			shellScript = "diff \"${PODS_PODFILE_DIR_PATH}/Podfile.lock\" \"${PODS_ROOT}/Manifest.lock\" > /dev/null\nif [ $? != 0 ] ; then\n    # print error to STDERR\n    echo \"error: The sandbox is not in sync with the Podfile.lock. Run 'pod install' or update your CocoaPods installation.\" >&2\n    exit 1\nfi\n# This output is used by Xcode 'outputs' to avoid re-running this script phase.\necho \"SUCCESS\" > \"${SCRIPT_OUTPUT_FILE_0}\"\n";
			showEnvVarsInLog = 0;
		};
/* End PBXShellScriptBuildPhase section */

/* Begin PBXSourcesBuildPhase section */
		2E4B4EEE1FB643D500D8FBFD /* Sources */ = {
			isa = PBXSourcesBuildPhase;
			buildActionMask = 2147483647;
			files = (
				2ECA3B271FC0D343004EBB85 /* Task.swift in Sources */,
				2E4B4EF81FB643D600D8FBFD /* ViewController.swift in Sources */,
				FDB8B1F71FC66FB9001F8BAE /* AddListViewController.swift in Sources */,
				FDB8B1FB1FC67EE6001F8BAE /* ResetTasksViewController.swift in Sources */,
				FD5BB6C11FC1FCA4007FE558 /* EditTaskViewController.swift in Sources */,
				2EBD67B41FD1E0530065B619 /* TableViewCell.swift in Sources */,
				2ECA3B251FC0D30F004EBB85 /* AddTaskViewController.swift in Sources */,
				FDB8B1F91FC67A11001F8BAE /* ResetSettingsViewController.swift in Sources */,
				2E4B4EF61FB643D600D8FBFD /* AppDelegate.swift in Sources */,
				FDACEF961FC352FE00C50BDF /* SettingViewController.swift in Sources */,
			);
			runOnlyForDeploymentPostprocessing = 0;
		};
		2E4B4F021FB643D600D8FBFD /* Sources */ = {
			isa = PBXSourcesBuildPhase;
			buildActionMask = 2147483647;
			files = (
				2E4B4F0B1FB643D600D8FBFD /* StackTests.swift in Sources */,
			);
			runOnlyForDeploymentPostprocessing = 0;
		};
		2E4B4F0D1FB643D600D8FBFD /* Sources */ = {
			isa = PBXSourcesBuildPhase;
			buildActionMask = 2147483647;
			files = (
				2E4B4F161FB643D600D8FBFD /* StackUITests.swift in Sources */,
			);
			runOnlyForDeploymentPostprocessing = 0;
		};
		FDB58E931FC3D905003021F2 /* Sources */ = {
			isa = PBXSourcesBuildPhase;
			buildActionMask = 2147483647;
			files = (
				FDB58E9D1FC3D905003021F2 /* TodayViewController.swift in Sources */,
			);
			runOnlyForDeploymentPostprocessing = 0;
		};
/* End PBXSourcesBuildPhase section */

/* Begin PBXTargetDependency section */
		2E4B4F081FB643D600D8FBFD /* PBXTargetDependency */ = {
			isa = PBXTargetDependency;
			target = 2E4B4EF11FB643D500D8FBFD /* Stack */;
			targetProxy = 2E4B4F071FB643D600D8FBFD /* PBXContainerItemProxy */;
		};
		2E4B4F131FB643D600D8FBFD /* PBXTargetDependency */ = {
			isa = PBXTargetDependency;
			target = 2E4B4EF11FB643D500D8FBFD /* Stack */;
			targetProxy = 2E4B4F121FB643D600D8FBFD /* PBXContainerItemProxy */;
		};
		FDB58EA31FC3D905003021F2 /* PBXTargetDependency */ = {
			isa = PBXTargetDependency;
			target = FDB58E961FC3D905003021F2 /* Stack Widget */;
			targetProxy = FDB58EA21FC3D905003021F2 /* PBXContainerItemProxy */;
		};
/* End PBXTargetDependency section */

/* Begin PBXVariantGroup section */
		2E4B4EF91FB643D600D8FBFD /* Main.storyboard */ = {
			isa = PBXVariantGroup;
			children = (
				2E4B4EFA1FB643D600D8FBFD /* Base */,
			);
			name = Main.storyboard;
			sourceTree = "<group>";
		};
		2E4B4EFE1FB643D600D8FBFD /* LaunchScreen.storyboard */ = {
			isa = PBXVariantGroup;
			children = (
				2E4B4EFF1FB643D600D8FBFD /* Base */,
			);
			name = LaunchScreen.storyboard;
			sourceTree = "<group>";
		};
		FDB58E9E1FC3D905003021F2 /* MainInterface.storyboard */ = {
			isa = PBXVariantGroup;
			children = (
				FDB58E9F1FC3D905003021F2 /* Base */,
			);
			name = MainInterface.storyboard;
			sourceTree = "<group>";
		};
/* End PBXVariantGroup section */

/* Begin XCBuildConfiguration section */
		2E4B4F181FB643D600D8FBFD /* Debug */ = {
			isa = XCBuildConfiguration;
			buildSettings = {
				ALWAYS_SEARCH_USER_PATHS = NO;
				CLANG_ANALYZER_NONNULL = YES;
				CLANG_ANALYZER_NUMBER_OBJECT_CONVERSION = YES_AGGRESSIVE;
				CLANG_CXX_LANGUAGE_STANDARD = "gnu++14";
				CLANG_CXX_LIBRARY = "libc++";
				CLANG_ENABLE_MODULES = YES;
				CLANG_ENABLE_OBJC_ARC = YES;
				CLANG_WARN_BLOCK_CAPTURE_AUTORELEASING = YES;
				CLANG_WARN_BOOL_CONVERSION = YES;
				CLANG_WARN_COMMA = YES;
				CLANG_WARN_CONSTANT_CONVERSION = YES;
				CLANG_WARN_DIRECT_OBJC_ISA_USAGE = YES_ERROR;
				CLANG_WARN_DOCUMENTATION_COMMENTS = YES;
				CLANG_WARN_EMPTY_BODY = YES;
				CLANG_WARN_ENUM_CONVERSION = YES;
				CLANG_WARN_INFINITE_RECURSION = YES;
				CLANG_WARN_INT_CONVERSION = YES;
				CLANG_WARN_NON_LITERAL_NULL_CONVERSION = YES;
				CLANG_WARN_OBJC_LITERAL_CONVERSION = YES;
				CLANG_WARN_OBJC_ROOT_CLASS = YES_ERROR;
				CLANG_WARN_RANGE_LOOP_ANALYSIS = YES;
				CLANG_WARN_STRICT_PROTOTYPES = YES;
				CLANG_WARN_SUSPICIOUS_MOVE = YES;
				CLANG_WARN_UNGUARDED_AVAILABILITY = YES_AGGRESSIVE;
				CLANG_WARN_UNREACHABLE_CODE = YES;
				CLANG_WARN__DUPLICATE_METHOD_MATCH = YES;
				CODE_SIGN_IDENTITY = "iPhone Developer";
				COPY_PHASE_STRIP = NO;
				DEBUG_INFORMATION_FORMAT = dwarf;
				ENABLE_STRICT_OBJC_MSGSEND = YES;
				ENABLE_TESTABILITY = YES;
				GCC_C_LANGUAGE_STANDARD = gnu11;
				GCC_DYNAMIC_NO_PIC = NO;
				GCC_NO_COMMON_BLOCKS = YES;
				GCC_OPTIMIZATION_LEVEL = 0;
				GCC_PREPROCESSOR_DEFINITIONS = (
					"DEBUG=1",
					"$(inherited)",
				);
				GCC_WARN_64_TO_32_BIT_CONVERSION = YES;
				GCC_WARN_ABOUT_RETURN_TYPE = YES_ERROR;
				GCC_WARN_UNDECLARED_SELECTOR = YES;
				GCC_WARN_UNINITIALIZED_AUTOS = YES_AGGRESSIVE;
				GCC_WARN_UNUSED_FUNCTION = YES;
				GCC_WARN_UNUSED_VARIABLE = YES;
				IPHONEOS_DEPLOYMENT_TARGET = 11.1;
				MTL_ENABLE_DEBUG_INFO = YES;
				ONLY_ACTIVE_ARCH = YES;
				SDKROOT = iphoneos;
				SWIFT_ACTIVE_COMPILATION_CONDITIONS = DEBUG;
				SWIFT_OPTIMIZATION_LEVEL = "-Onone";
			};
			name = Debug;
		};
		2E4B4F191FB643D600D8FBFD /* Release */ = {
			isa = XCBuildConfiguration;
			buildSettings = {
				ALWAYS_SEARCH_USER_PATHS = NO;
				CLANG_ANALYZER_NONNULL = YES;
				CLANG_ANALYZER_NUMBER_OBJECT_CONVERSION = YES_AGGRESSIVE;
				CLANG_CXX_LANGUAGE_STANDARD = "gnu++14";
				CLANG_CXX_LIBRARY = "libc++";
				CLANG_ENABLE_MODULES = YES;
				CLANG_ENABLE_OBJC_ARC = YES;
				CLANG_WARN_BLOCK_CAPTURE_AUTORELEASING = YES;
				CLANG_WARN_BOOL_CONVERSION = YES;
				CLANG_WARN_COMMA = YES;
				CLANG_WARN_CONSTANT_CONVERSION = YES;
				CLANG_WARN_DIRECT_OBJC_ISA_USAGE = YES_ERROR;
				CLANG_WARN_DOCUMENTATION_COMMENTS = YES;
				CLANG_WARN_EMPTY_BODY = YES;
				CLANG_WARN_ENUM_CONVERSION = YES;
				CLANG_WARN_INFINITE_RECURSION = YES;
				CLANG_WARN_INT_CONVERSION = YES;
				CLANG_WARN_NON_LITERAL_NULL_CONVERSION = YES;
				CLANG_WARN_OBJC_LITERAL_CONVERSION = YES;
				CLANG_WARN_OBJC_ROOT_CLASS = YES_ERROR;
				CLANG_WARN_RANGE_LOOP_ANALYSIS = YES;
				CLANG_WARN_STRICT_PROTOTYPES = YES;
				CLANG_WARN_SUSPICIOUS_MOVE = YES;
				CLANG_WARN_UNGUARDED_AVAILABILITY = YES_AGGRESSIVE;
				CLANG_WARN_UNREACHABLE_CODE = YES;
				CLANG_WARN__DUPLICATE_METHOD_MATCH = YES;
				CODE_SIGN_IDENTITY = "iPhone Developer";
				COPY_PHASE_STRIP = NO;
				DEBUG_INFORMATION_FORMAT = "dwarf-with-dsym";
				ENABLE_NS_ASSERTIONS = NO;
				ENABLE_STRICT_OBJC_MSGSEND = YES;
				GCC_C_LANGUAGE_STANDARD = gnu11;
				GCC_NO_COMMON_BLOCKS = YES;
				GCC_WARN_64_TO_32_BIT_CONVERSION = YES;
				GCC_WARN_ABOUT_RETURN_TYPE = YES_ERROR;
				GCC_WARN_UNDECLARED_SELECTOR = YES;
				GCC_WARN_UNINITIALIZED_AUTOS = YES_AGGRESSIVE;
				GCC_WARN_UNUSED_FUNCTION = YES;
				GCC_WARN_UNUSED_VARIABLE = YES;
				IPHONEOS_DEPLOYMENT_TARGET = 11.1;
				MTL_ENABLE_DEBUG_INFO = NO;
				SDKROOT = iphoneos;
				SWIFT_OPTIMIZATION_LEVEL = "-Owholemodule";
				VALIDATE_PRODUCT = YES;
			};
			name = Release;
		};
		2E4B4F1B1FB643D600D8FBFD /* Debug */ = {
			isa = XCBuildConfiguration;
			baseConfigurationReference = 4652E4E9406B5B0BB095A223 /* Pods-Stack.debug.xcconfig */;
			buildSettings = {
				ALWAYS_EMBED_SWIFT_STANDARD_LIBRARIES = YES;
				ASSETCATALOG_COMPILER_APPICON_NAME = AppIcon;
				CODE_SIGN_STYLE = Automatic;
				INFOPLIST_FILE = Stack/Info.plist;
				LD_RUNPATH_SEARCH_PATHS = "$(inherited) @executable_path/Frameworks";
				PRODUCT_BUNDLE_IDENTIFIER = dlt.Stack;
				PRODUCT_NAME = "$(TARGET_NAME)";
				SWIFT_VERSION = 4.0;
				TARGETED_DEVICE_FAMILY = "1,2";
			};
			name = Debug;
		};
		2E4B4F1C1FB643D600D8FBFD /* Release */ = {
			isa = XCBuildConfiguration;
			baseConfigurationReference = 7711B3F5FCD4EAD719FFE82B /* Pods-Stack.release.xcconfig */;
			buildSettings = {
				ALWAYS_EMBED_SWIFT_STANDARD_LIBRARIES = YES;
				ASSETCATALOG_COMPILER_APPICON_NAME = AppIcon;
				CODE_SIGN_STYLE = Automatic;
				INFOPLIST_FILE = Stack/Info.plist;
				LD_RUNPATH_SEARCH_PATHS = "$(inherited) @executable_path/Frameworks";
				PRODUCT_BUNDLE_IDENTIFIER = dlt.Stack;
				PRODUCT_NAME = "$(TARGET_NAME)";
				SWIFT_VERSION = 4.0;
				TARGETED_DEVICE_FAMILY = "1,2";
			};
			name = Release;
		};
		2E4B4F1E1FB643D600D8FBFD /* Debug */ = {
			isa = XCBuildConfiguration;
			baseConfigurationReference = 9466D2EB7A457E98AC606AC1 /* Pods-StackTests.debug.xcconfig */;
			buildSettings = {
				ALWAYS_EMBED_SWIFT_STANDARD_LIBRARIES = YES;
				BUNDLE_LOADER = "$(TEST_HOST)";
				CODE_SIGN_STYLE = Automatic;
				INFOPLIST_FILE = StackTests/Info.plist;
				LD_RUNPATH_SEARCH_PATHS = "$(inherited) @executable_path/Frameworks @loader_path/Frameworks";
				PRODUCT_BUNDLE_IDENTIFIER = dlt.StackTests;
				PRODUCT_NAME = "$(TARGET_NAME)";
				SWIFT_VERSION = 4.0;
				TARGETED_DEVICE_FAMILY = "1,2";
				TEST_HOST = "$(BUILT_PRODUCTS_DIR)/Stack.app/Stack";
			};
			name = Debug;
		};
		2E4B4F1F1FB643D600D8FBFD /* Release */ = {
			isa = XCBuildConfiguration;
			baseConfigurationReference = 87373020637F7AB2B358E047 /* Pods-StackTests.release.xcconfig */;
			buildSettings = {
				ALWAYS_EMBED_SWIFT_STANDARD_LIBRARIES = YES;
				BUNDLE_LOADER = "$(TEST_HOST)";
				CODE_SIGN_STYLE = Automatic;
				INFOPLIST_FILE = StackTests/Info.plist;
				LD_RUNPATH_SEARCH_PATHS = "$(inherited) @executable_path/Frameworks @loader_path/Frameworks";
				PRODUCT_BUNDLE_IDENTIFIER = dlt.StackTests;
				PRODUCT_NAME = "$(TARGET_NAME)";
				SWIFT_VERSION = 4.0;
				TARGETED_DEVICE_FAMILY = "1,2";
				TEST_HOST = "$(BUILT_PRODUCTS_DIR)/Stack.app/Stack";
			};
			name = Release;
		};
		2E4B4F211FB643D600D8FBFD /* Debug */ = {
			isa = XCBuildConfiguration;
			baseConfigurationReference = A913FF5E8AD4A5EC1BA7B840 /* Pods-StackUITests.debug.xcconfig */;
			buildSettings = {
				ALWAYS_EMBED_SWIFT_STANDARD_LIBRARIES = YES;
				CODE_SIGN_STYLE = Automatic;
				INFOPLIST_FILE = StackUITests/Info.plist;
				LD_RUNPATH_SEARCH_PATHS = "$(inherited) @executable_path/Frameworks @loader_path/Frameworks";
				PRODUCT_BUNDLE_IDENTIFIER = dlt.StackUITests;
				PRODUCT_NAME = "$(TARGET_NAME)";
				SWIFT_VERSION = 4.0;
				TARGETED_DEVICE_FAMILY = "1,2";
				TEST_TARGET_NAME = Stack;
			};
			name = Debug;
		};
		2E4B4F221FB643D600D8FBFD /* Release */ = {
			isa = XCBuildConfiguration;
			baseConfigurationReference = DA5FC59534CEF52E99B37BDE /* Pods-StackUITests.release.xcconfig */;
			buildSettings = {
				ALWAYS_EMBED_SWIFT_STANDARD_LIBRARIES = YES;
				CODE_SIGN_STYLE = Automatic;
				INFOPLIST_FILE = StackUITests/Info.plist;
				LD_RUNPATH_SEARCH_PATHS = "$(inherited) @executable_path/Frameworks @loader_path/Frameworks";
				PRODUCT_BUNDLE_IDENTIFIER = dlt.StackUITests;
				PRODUCT_NAME = "$(TARGET_NAME)";
				SWIFT_VERSION = 4.0;
				TARGETED_DEVICE_FAMILY = "1,2";
				TEST_TARGET_NAME = Stack;
			};
			name = Release;
		};
		FDB58EA51FC3D905003021F2 /* Debug */ = {
			isa = XCBuildConfiguration;
			baseConfigurationReference = D3BDEBDA5A6D9E97CE53A10A /* Pods-Stack Widget.debug.xcconfig */;
			buildSettings = {
				CODE_SIGN_STYLE = Automatic;
				INFOPLIST_FILE = "Stack Widget/Info.plist";
				LD_RUNPATH_SEARCH_PATHS = "$(inherited) @executable_path/Frameworks @executable_path/../../Frameworks";
				PRODUCT_BUNDLE_IDENTIFIER = "dlt.Stack.Stack-Widget";
				PRODUCT_NAME = "$(TARGET_NAME)";
				SKIP_INSTALL = YES;
				SWIFT_VERSION = 4.0;
				TARGETED_DEVICE_FAMILY = "1,2";
			};
			name = Debug;
		};
		FDB58EA61FC3D905003021F2 /* Release */ = {
			isa = XCBuildConfiguration;
			baseConfigurationReference = 54C7C8D5801C9583E0380D05 /* Pods-Stack Widget.release.xcconfig */;
			buildSettings = {
				CODE_SIGN_STYLE = Automatic;
				INFOPLIST_FILE = "Stack Widget/Info.plist";
				LD_RUNPATH_SEARCH_PATHS = "$(inherited) @executable_path/Frameworks @executable_path/../../Frameworks";
				PRODUCT_BUNDLE_IDENTIFIER = "dlt.Stack.Stack-Widget";
				PRODUCT_NAME = "$(TARGET_NAME)";
				SKIP_INSTALL = YES;
				SWIFT_VERSION = 4.0;
				TARGETED_DEVICE_FAMILY = "1,2";
			};
			name = Release;
		};
/* End XCBuildConfiguration section */

/* Begin XCConfigurationList section */
		2E4B4EED1FB643D500D8FBFD /* Build configuration list for PBXProject "Stack" */ = {
			isa = XCConfigurationList;
			buildConfigurations = (
				2E4B4F181FB643D600D8FBFD /* Debug */,
				2E4B4F191FB643D600D8FBFD /* Release */,
			);
			defaultConfigurationIsVisible = 0;
			defaultConfigurationName = Release;
		};
		2E4B4F1A1FB643D600D8FBFD /* Build configuration list for PBXNativeTarget "Stack" */ = {
			isa = XCConfigurationList;
			buildConfigurations = (
				2E4B4F1B1FB643D600D8FBFD /* Debug */,
				2E4B4F1C1FB643D600D8FBFD /* Release */,
			);
			defaultConfigurationIsVisible = 0;
			defaultConfigurationName = Release;
		};
		2E4B4F1D1FB643D600D8FBFD /* Build configuration list for PBXNativeTarget "StackTests" */ = {
			isa = XCConfigurationList;
			buildConfigurations = (
				2E4B4F1E1FB643D600D8FBFD /* Debug */,
				2E4B4F1F1FB643D600D8FBFD /* Release */,
			);
			defaultConfigurationIsVisible = 0;
			defaultConfigurationName = Release;
		};
		2E4B4F201FB643D600D8FBFD /* Build configuration list for PBXNativeTarget "StackUITests" */ = {
			isa = XCConfigurationList;
			buildConfigurations = (
				2E4B4F211FB643D600D8FBFD /* Debug */,
				2E4B4F221FB643D600D8FBFD /* Release */,
			);
			defaultConfigurationIsVisible = 0;
			defaultConfigurationName = Release;
		};
		FDB58EA71FC3D905003021F2 /* Build configuration list for PBXNativeTarget "Stack Widget" */ = {
			isa = XCConfigurationList;
			buildConfigurations = (
				FDB58EA51FC3D905003021F2 /* Debug */,
				FDB58EA61FC3D905003021F2 /* Release */,
			);
			defaultConfigurationIsVisible = 0;
			defaultConfigurationName = Release;
		};
/* End XCConfigurationList section */
	};
	rootObject = 2E4B4EEA1FB643D500D8FBFD /* Project object */;
}
